
Microsoft Visual Studio Solution File, Format Version 12.00
# Visual Studio Version 17
VisualStudioVersion = 17.2.32616.157
MinimumVisualStudioVersion = 10.0.40219.1
Project("{9A19103F-16F7-4668-BE54-9A1E7A4F7556}") = "BlogApp.API", "BlogApp.API\BlogApp.API.csproj", "{A44631ED-C88F-43B1-ABB7-12DC0405A280}"
EndProject
Project("{9A19103F-16F7-4668-BE54-9A1E7A4F7556}") = "BlogApp.Model", "BlogApp.Model\BlogApp.Model.csproj", "{58CBB179-0769-4FB8-B2AD-0BEB034ED9F3}"
EndProject
Project("{9A19103F-16F7-4668-BE54-9A1E7A4F7556}") = "BlogApp.BLL", "BlogApp.BLL\BlogApp.BLL.csproj", "{C58C3E57-7C36-46B4-9535-54584003E072}"
EndProject
Project("{9A19103F-16F7-4668-BE54-9A1E7A4F7556}") = "BlogApp.DAL", "BlogApp.DAL\BlogApp.DAL.csproj", "{87318BD8-C6BC-4D78-AE6A-49A40A739C38}"
EndProject
Project("{FAE04EC0-301F-11D3-BF4B-00C04F79EFBC}") = "BlogApp.Web.UI", "BlogApp.Web.UI\BlogApp.Web.UI.csproj", "{1FD1573B-1F96-4DD3-A9D4-58E314D4612F}"
EndProject
Project("{FAE04EC0-301F-11D3-BF4B-00C04F79EFBC}") = "BlogApp.Dashboard.UI", "BlogApp.Dashboard.UI\BlogApp.Dashboard.UI.csproj", "{EA3BF588-B3E2-4993-8A85-7382C7EF40A7}"
EndProject
Global
	GlobalSection(SolutionConfigurationPlatforms) = preSolution
		Debug|Any CPU = Debug|Any CPU
		Release|Any CPU = Release|Any CPU
	EndGlobalSection
	GlobalSection(ProjectConfigurationPlatforms) = postSolution
		{A44631ED-C88F-43B1-ABB7-12DC0405A280}.Debug|Any CPU.ActiveCfg = Debug|Any CPU
		{A44631ED-C88F-43B1-ABB7-12DC0405A280}.Debug|Any CPU.Build.0 = Debug|Any CPU
		{A44631ED-C88F-43B1-ABB7-12DC0405A280}.Release|Any CPU.ActiveCfg = Release|Any CPU
		{A44631ED-C88F-43B1-ABB7-12DC0405A280}.Release|Any CPU.Build.0 = Release|Any CPU
		{58CBB179-0769-4FB8-B2AD-0BEB034ED9F3}.Debug|Any CPU.ActiveCfg = Debug|Any CPU
		{58CBB179-0769-4FB8-B2AD-0BEB034ED9F3}.Debug|Any CPU.Build.0 = Debug|Any CPU
		{58CBB179-0769-4FB8-B2AD-0BEB034ED9F3}.Release|Any CPU.ActiveCfg = Release|Any CPU
		{58CBB179-0769-4FB8-B2AD-0BEB034ED9F3}.Release|Any CPU.Build.0 = Release|Any CPU
		{C58C3E57-7C36-46B4-9535-54584003E072}.Debug|Any CPU.ActiveCfg = Debug|Any CPU
		{C58C3E57-7C36-46B4-9535-54584003E072}.Debug|Any CPU.Build.0 = Debug|Any CPU
		{C58C3E57-7C36-46B4-9535-54584003E072}.Release|Any CPU.ActiveCfg = Release|Any CPU
		{C58C3E57-7C36-46B4-9535-54584003E072}.Release|Any CPU.Build.0 = Release|Any CPU
		{87318BD8-C6BC-4D78-AE6A-49A40A739C38}.Debug|Any CPU.ActiveCfg = Debug|Any CPU
		{87318BD8-C6BC-4D78-AE6A-49A40A739C38}.Debug|Any CPU.Build.0 = Debug|Any CPU
		{87318BD8-C6BC-4D78-AE6A-49A40A739C38}.Release|Any CPU.ActiveCfg = Release|Any CPU
		{87318BD8-C6BC-4D78-AE6A-49A40A739C38}.Release|Any CPU.Build.0 = Release|Any CPU
		{1FD1573B-1F96-4DD3-A9D4-58E314D4612F}.Debug|Any CPU.ActiveCfg = Debug|Any CPU
		{1FD1573B-1F96-4DD3-A9D4-58E314D4612F}.Debug|Any CPU.Build.0 = Debug|Any CPU
		{1FD1573B-1F96-4DD3-A9D4-58E314D4612F}.Release|Any CPU.ActiveCfg = Release|Any CPU
		{1FD1573B-1F96-4DD3-A9D4-58E314D4612F}.Release|Any CPU.Build.0 = Release|Any CPU
		{EA3BF588-B3E2-4993-8A85-7382C7EF40A7}.Debug|Any CPU.ActiveCfg = Debug|Any CPU
		{EA3BF588-B3E2-4993-8A85-7382C7EF40A7}.Debug|Any CPU.Build.0 = Debug|Any CPU
		{EA3BF588-B3E2-4993-8A85-7382C7EF40A7}.Release|Any CPU.ActiveCfg = Release|Any CPU
		{EA3BF588-B3E2-4993-8A85-7382C7EF40A7}.Release|Any CPU.Build.0 = Release|Any CPU
	EndGlobalSection
	GlobalSection(SolutionProperties) = preSolution
		HideSolutionNode = FALSE
	EndGlobalSection
	GlobalSection(ExtensibilityGlobals) = postSolution
		SolutionGuid = {E498D34E-096A-43B3-B973-AD859DB3939C}
	EndGlobalSection
EndGlobal
